
Microsoft Visual Studio Solution File, Format Version 12.00
# Visual Studio Version 16
VisualStudioVersion = 16.0.32901.82
MinimumVisualStudioVersion = 10.0.40219.1
Project("{FAE04EC0-301F-11D3-BF4B-00C04F79EFBC}") = "WhoWantsToBeAMillionaire", "WhoWantsToBeAMillionaire\WhoWantsToBeAMillionaire.csproj", "{62449604-4BE0-4978-AE96-FB1B94393613}"
EndProject
Global
	GlobalSection(SolutionConfigurationPlatforms) = preSolution
		Debug|Any CPU = Debug|Any CPU
		Release|Any CPU = Release|Any CPU
	EndGlobalSection
	GlobalSection(ProjectConfigurationPlatforms) = postSolution
		{62449604-4BE0-4978-AE96-FB1B94393613}.Debug|Any CPU.ActiveCfg = Debug|Any CPU
		{62449604-4BE0-4978-AE96-FB1B94393613}.Debug|Any CPU.Build.0 = Debug|Any CPU
		{62449604-4BE0-4978-AE96-FB1B94393613}.Release|Any CPU.ActiveCfg = Release|Any CPU
		{62449604-4BE0-4978-AE96-FB1B94393613}.Release|Any CPU.Build.0 = Release|Any CPU
	EndGlobalSection
	GlobalSection(SolutionProperties) = preSolution
		HideSolutionNode = FALSE
	EndGlobalSection
	GlobalSection(ExtensibilityGlobals) = postSolution
		SolutionGuid = {CDB09597-F1B5-4CA4-9629-98F8FFF7DA81}
	EndGlobalSection
EndGlobal
